// !$*UTF8*$!
{
	archiveVersion = 1;
	classes = {
	};
	objectVersion = 77;
	objects = {

/* Begin PBXBuildFile section */
		8402913B2D1DD1DF00AB04B6 /* libz.a in Frameworks */ = {isa = PBXBuildFile; fileRef = 8402913A2D1DD1DF00AB04B6 /* libz.a */; };
		84151B4B2D131C7E0073E414 /* libassimpd.a in Frameworks */ = {isa = PBXBuildFile; fileRef = 84151B4A2D131C7E0073E414 /* libassimpd.a */; };
		84151B4D2D131C840073E414 /* libSDL2d.a in Frameworks */ = {isa = PBXBuildFile; fileRef = 84151B4C2D131C840073E414 /* libSDL2d.a */; };
		84151B4F2D131C8C0073E414 /* libSDL2maind.a in Frameworks */ = {isa = PBXBuildFile; fileRef = 84151B4E2D131C8C0073E414 /* libSDL2maind.a */; };
		84151B512D131C920073E414 /* libassimp.a in Frameworks */ = {isa = PBXBuildFile; fileRef = 84151B502D131C920073E414 /* libassimp.a */; };
		84151B532D131C980073E414 /* libSDL2.a in Frameworks */ = {isa = PBXBuildFile; fileRef = 84151B522D131C980073E414 /* libSDL2.a */; };
		84151B552D131C9F0073E414 /* libSDL2main.a in Frameworks */ = {isa = PBXBuildFile; fileRef = 84151B542D131C9F0073E414 /* libSDL2main.a */; };
		84151B572D131CA70073E414 /* ApplicationServices.framework in Frameworks */ = {isa = PBXBuildFile; fileRef = 84151B562D131CA70073E414 /* ApplicationServices.framework */; };
		84151B592D131CAD0073E414 /* AudioToolbox.framework in Frameworks */ = {isa = PBXBuildFile; fileRef = 84151B582D131CAD0073E414 /* AudioToolbox.framework */; };
		84151B5B2D131CB10073E414 /* Carbon.framework in Frameworks */ = {isa = PBXBuildFile; fileRef = 84151B5A2D131CB10073E414 /* Carbon.framework */; };
		84151B5D2D131CB40073E414 /* Cocoa.framework in Frameworks */ = {isa = PBXBuildFile; fileRef = 84151B5C2D131CB40073E414 /* Cocoa.framework */; };
		84151B5F2D131CBC0073E414 /* CoreAudio.framework in Frameworks */ = {isa = PBXBuildFile; fileRef = 84151B5E2D131CBC0073E414 /* CoreAudio.framework */; };
		84151B612D131CBF0073E414 /* CoreVideo.framework in Frameworks */ = {isa = PBXBuildFile; fileRef = 84151B602D131CBF0073E414 /* CoreVideo.framework */; };
		84151B632D131CC40073E414 /* CoreHaptics.framework in Frameworks */ = {isa = PBXBuildFile; fileRef = 84151B622D131CC40073E414 /* CoreHaptics.framework */; };
		84151B652D131CCB0073E414 /* ForceFeedback.framework in Frameworks */ = {isa = PBXBuildFile; fileRef = 84151B642D131CCB0073E414 /* ForceFeedback.framework */; };
		84151B672D131CD00073E414 /* GameController.framework in Frameworks */ = {isa = PBXBuildFile; fileRef = 84151B662D131CD00073E414 /* GameController.framework */; };
		84151B692D131CD40073E414 /* IOKit.framework in Frameworks */ = {isa = PBXBuildFile; fileRef = 84151B682D131CD40073E414 /* IOKit.framework */; };
		84151B6B2D131CDA0073E414 /* Metal.framework in Frameworks */ = {isa = PBXBuildFile; fileRef = 84151B6A2D131CDA0073E414 /* Metal.framework */; };
		84151B6D2D131CDE0073E414 /* OpenGL.framework in Frameworks */ = {isa = PBXBuildFile; fileRef = 84151B6C2D131CDE0073E414 /* OpenGL.framework */; };
		849F85392D16E9DE003662F6 /* libsoil2d.a in Frameworks */ = {isa = PBXBuildFile; fileRef = 849F85382D16E9DE003662F6 /* libsoil2d.a */; };
		849F853B2D16E9E6003662F6 /* libsoil2.a in Frameworks */ = {isa = PBXBuildFile; fileRef = 849F853A2D16E9E6003662F6 /* libsoil2.a */; };
/* End PBXBuildFile section */

/* Begin PBXCopyFilesBuildPhase section */
		84151B2F2D131A880073E414 /* CopyFiles */ = {
			isa = PBXCopyFilesBuildPhase;
			buildActionMask = 2147483647;
			dstPath = /usr/share/man/man1/;
			dstSubfolderSpec = 0;
			files = (
			);
			runOnlyForDeploymentPostprocessing = 1;
		};
/* End PBXCopyFilesBuildPhase section */

/* Begin PBXFileReference section */
		8402913A2D1DD1DF00AB04B6 /* libz.a */ = {isa = PBXFileReference; lastKnownFileType = archive.ar; name = libz.a; path = libraries/debug/libz.a; sourceTree = "<group>"; };
		84151B312D131A880073E414 /* GL_Scene */ = {isa = PBXFileReference; explicitFileType = "compiled.mach-o.executable"; includeInIndex = 0; path = GL_Scene; sourceTree = BUILT_PRODUCTS_DIR; };
		84151B4A2D131C7E0073E414 /* libassimpd.a */ = {isa = PBXFileReference; lastKnownFileType = archive.ar; name = libassimpd.a; path = libraries/debug/libassimpd.a; sourceTree = "<group>"; };
		84151B4C2D131C840073E414 /* libSDL2d.a */ = {isa = PBXFileReference; lastKnownFileType = archive.ar; name = libSDL2d.a; path = libraries/debug/libSDL2d.a; sourceTree = "<group>"; };
		84151B4E2D131C8C0073E414 /* libSDL2maind.a */ = {isa = PBXFileReference; lastKnownFileType = archive.ar; name = libSDL2maind.a; path = libraries/debug/libSDL2maind.a; sourceTree = "<group>"; };
		84151B502D131C920073E414 /* libassimp.a */ = {isa = PBXFileReference; lastKnownFileType = archive.ar; name = libassimp.a; path = libraries/release/libassimp.a; sourceTree = "<group>"; };
		84151B522D131C980073E414 /* libSDL2.a */ = {isa = PBXFileReference; lastKnownFileType = archive.ar; name = libSDL2.a; path = libraries/release/libSDL2.a; sourceTree = "<group>"; };
		84151B542D131C9F0073E414 /* libSDL2main.a */ = {isa = PBXFileReference; lastKnownFileType = archive.ar; name = libSDL2main.a; path = libraries/release/libSDL2main.a; sourceTree = "<group>"; };
		84151B562D131CA70073E414 /* ApplicationServices.framework */ = {isa = PBXFileReference; lastKnownFileType = wrapper.framework; name = ApplicationServices.framework; path = System/Library/Frameworks/ApplicationServices.framework; sourceTree = SDKROOT; };
		84151B582D131CAD0073E414 /* AudioToolbox.framework */ = {isa = PBXFileReference; lastKnownFileType = wrapper.framework; name = AudioToolbox.framework; path = System/Library/Frameworks/AudioToolbox.framework; sourceTree = SDKROOT; };
		84151B5A2D131CB10073E414 /* Carbon.framework */ = {isa = PBXFileReference; lastKnownFileType = wrapper.framework; name = Carbon.framework; path = System/Library/Frameworks/Carbon.framework; sourceTree = SDKROOT; };
		84151B5C2D131CB40073E414 /* Cocoa.framework */ = {isa = PBXFileReference; lastKnownFileType = wrapper.framework; name = Cocoa.framework; path = System/Library/Frameworks/Cocoa.framework; sourceTree = SDKROOT; };
		84151B5E2D131CBC0073E414 /* CoreAudio.framework */ = {isa = PBXFileReference; lastKnownFileType = wrapper.framework; name = CoreAudio.framework; path = System/Library/Frameworks/CoreAudio.framework; sourceTree = SDKROOT; };
		84151B602D131CBF0073E414 /* CoreVideo.framework */ = {isa = PBXFileReference; lastKnownFileType = wrapper.framework; name = CoreVideo.framework; path = System/Library/Frameworks/CoreVideo.framework; sourceTree = SDKROOT; };
		84151B622D131CC40073E414 /* CoreHaptics.framework */ = {isa = PBXFileReference; lastKnownFileType = wrapper.framework; name = CoreHaptics.framework; path = System/Library/Frameworks/CoreHaptics.framework; sourceTree = SDKROOT; };
		84151B642D131CCB0073E414 /* ForceFeedback.framework */ = {isa = PBXFileReference; lastKnownFileType = wrapper.framework; name = ForceFeedback.framework; path = System/Library/Frameworks/ForceFeedback.framework; sourceTree = SDKROOT; };
		84151B662D131CD00073E414 /* GameController.framework */ = {isa = PBXFileReference; lastKnownFileType = wrapper.framework; name = GameController.framework; path = System/Library/Frameworks/GameController.framework; sourceTree = SDKROOT; };
		84151B682D131CD40073E414 /* IOKit.framework */ = {isa = PBXFileReference; lastKnownFileType = wrapper.framework; name = IOKit.framework; path = System/Library/Frameworks/IOKit.framework; sourceTree = SDKROOT; };
		84151B6A2D131CDA0073E414 /* Metal.framework */ = {isa = PBXFileReference; lastKnownFileType = wrapper.framework; name = Metal.framework; path = System/Library/Frameworks/Metal.framework; sourceTree = SDKROOT; };
		84151B6C2D131CDE0073E414 /* OpenGL.framework */ = {isa = PBXFileReference; lastKnownFileType = wrapper.framework; name = OpenGL.framework; path = System/Library/Frameworks/OpenGL.framework; sourceTree = SDKROOT; };
		849F85382D16E9DE003662F6 /* libsoil2d.a */ = {isa = PBXFileReference; lastKnownFileType = archive.ar; name = libsoil2d.a; path = libraries/debug/libsoil2d.a; sourceTree = "<group>"; };
		849F853A2D16E9E6003662F6 /* libsoil2.a */ = {isa = PBXFileReference; lastKnownFileType = archive.ar; name = libsoil2.a; path = libraries/release/libsoil2.a; sourceTree = "<group>"; };
/* End PBXFileReference section */

/* Begin PBXFileSystemSynchronizedRootGroup section */
		84151B332D131A880073E414 /* GL_Scene */ = {
			isa = PBXFileSystemSynchronizedRootGroup;
			path = GL_Scene;
			sourceTree = "<group>";
		};
		849F854B2D171564003662F6 /* resources */ = {
			isa = PBXFileSystemSynchronizedRootGroup;
			path = resources;
			sourceTree = "<group>";
		};
/* End PBXFileSystemSynchronizedRootGroup section */

/* Begin PBXFrameworksBuildPhase section */
		84151B2E2D131A880073E414 /* Frameworks */ = {
			isa = PBXFrameworksBuildPhase;
			buildActionMask = 2147483647;
			files = (
				8402913B2D1DD1DF00AB04B6 /* libz.a in Frameworks */,
				849F853B2D16E9E6003662F6 /* libsoil2.a in Frameworks */,
				849F85392D16E9DE003662F6 /* libsoil2d.a in Frameworks */,
				84151B6D2D131CDE0073E414 /* OpenGL.framework in Frameworks */,
				84151B6B2D131CDA0073E414 /* Metal.framework in Frameworks */,
				84151B692D131CD40073E414 /* IOKit.framework in Frameworks */,
				84151B672D131CD00073E414 /* GameController.framework in Frameworks */,
				84151B652D131CCB0073E414 /* ForceFeedback.framework in Frameworks */,
				84151B632D131CC40073E414 /* CoreHaptics.framework in Frameworks */,
				84151B612D131CBF0073E414 /* CoreVideo.framework in Frameworks */,
				84151B5F2D131CBC0073E414 /* CoreAudio.framework in Frameworks */,
				84151B5D2D131CB40073E414 /* Cocoa.framework in Frameworks */,
				84151B5B2D131CB10073E414 /* Carbon.framework in Frameworks */,
				84151B592D131CAD0073E414 /* AudioToolbox.framework in Frameworks */,
				84151B572D131CA70073E414 /* ApplicationServices.framework in Frameworks */,
				84151B552D131C9F0073E414 /* libSDL2main.a in Frameworks */,
				84151B532D131C980073E414 /* libSDL2.a in Frameworks */,
				84151B512D131C920073E414 /* libassimp.a in Frameworks */,
				84151B4F2D131C8C0073E414 /* libSDL2maind.a in Frameworks */,
				84151B4D2D131C840073E414 /* libSDL2d.a in Frameworks */,
				84151B4B2D131C7E0073E414 /* libassimpd.a in Frameworks */,
			);
			runOnlyForDeploymentPostprocessing = 0;
		};
/* End PBXFrameworksBuildPhase section */

/* Begin PBXGroup section */
		84151B282D131A880073E414 = {
			isa = PBXGroup;
			children = (
				84151B332D131A880073E414 /* GL_Scene */,
				84151B492D131C7E0073E414 /* Frameworks */,
				84151B322D131A880073E414 /* Products */,
				849F854B2D171564003662F6 /* resources */,
			);
			sourceTree = "<group>";
		};
		84151B322D131A880073E414 /* Products */ = {
			isa = PBXGroup;
			children = (
				84151B312D131A880073E414 /* GL_Scene */,
			);
			name = Products;
			sourceTree = "<group>";
		};
		84151B492D131C7E0073E414 /* Frameworks */ = {
			isa = PBXGroup;
			children = (
				8402913A2D1DD1DF00AB04B6 /* libz.a */,
				849F853A2D16E9E6003662F6 /* libsoil2.a */,
				849F85382D16E9DE003662F6 /* libsoil2d.a */,
				84151B6C2D131CDE0073E414 /* OpenGL.framework */,
				84151B6A2D131CDA0073E414 /* Metal.framework */,
				84151B682D131CD40073E414 /* IOKit.framework */,
				84151B662D131CD00073E414 /* GameController.framework */,
				84151B642D131CCB0073E414 /* ForceFeedback.framework */,
				84151B622D131CC40073E414 /* CoreHaptics.framework */,
				84151B602D131CBF0073E414 /* CoreVideo.framework */,
				84151B5E2D131CBC0073E414 /* CoreAudio.framework */,
				84151B5C2D131CB40073E414 /* Cocoa.framework */,
				84151B5A2D131CB10073E414 /* Carbon.framework */,
				84151B582D131CAD0073E414 /* AudioToolbox.framework */,
				84151B562D131CA70073E414 /* ApplicationServices.framework */,
				84151B542D131C9F0073E414 /* libSDL2main.a */,
				84151B522D131C980073E414 /* libSDL2.a */,
				84151B502D131C920073E414 /* libassimp.a */,
				84151B4E2D131C8C0073E414 /* libSDL2maind.a */,
				84151B4C2D131C840073E414 /* libSDL2d.a */,
				84151B4A2D131C7E0073E414 /* libassimpd.a */,
			);
			name = Frameworks;
			sourceTree = "<group>";
		};
/* End PBXGroup section */

/* Begin PBXNativeTarget section */
		84151B302D131A880073E414 /* GL_Scene */ = {
			isa = PBXNativeTarget;
			buildConfigurationList = 84151B382D131A880073E414 /* Build configuration list for PBXNativeTarget "GL_Scene" */;
			buildPhases = (
				84151B2D2D131A880073E414 /* Sources */,
				84151B2E2D131A880073E414 /* Frameworks */,
				84151B2F2D131A880073E414 /* CopyFiles */,
			);
			buildRules = (
			);
			dependencies = (
			);
			fileSystemSynchronizedGroups = (
				84151B332D131A880073E414 /* GL_Scene */,
			);
			name = GL_Scene;
			packageProductDependencies = (
			);
			productName = GL_Scene;
			productReference = 84151B312D131A880073E414 /* GL_Scene */;
			productType = "com.apple.product-type.tool";
		};
/* End PBXNativeTarget section */

/* Begin PBXProject section */
		84151B292D131A880073E414 /* Project object */ = {
			isa = PBXProject;
			attributes = {
				BuildIndependentTargetsInParallel = 1;
				LastUpgradeCheck = 1620;
				TargetAttributes = {
					84151B302D131A880073E414 = {
						CreatedOnToolsVersion = 16.2;
					};
				};
			};
			buildConfigurationList = 84151B2C2D131A880073E414 /* Build configuration list for PBXProject "GL_Scene" */;
			developmentRegion = en;
			hasScannedForEncodings = 0;
			knownRegions = (
				en,
				Base,
			);
			mainGroup = 84151B282D131A880073E414;
			minimizedProjectReferenceProxies = 1;
			preferredProjectObjectVersion = 77;
			productRefGroup = 84151B322D131A880073E414 /* Products */;
			projectDirPath = "";
			projectRoot = "";
			targets = (
				84151B302D131A880073E414 /* GL_Scene */,
			);
		};
/* End PBXProject section */

/* Begin PBXSourcesBuildPhase section */
		84151B2D2D131A880073E414 /* Sources */ = {
			isa = PBXSourcesBuildPhase;
			buildActionMask = 2147483647;
			files = (
			);
			runOnlyForDeploymentPostprocessing = 0;
		};
/* End PBXSourcesBuildPhase section */

/* Begin XCBuildConfiguration section */
		84151B362D131A880073E414 /* Debug */ = {
			isa = XCBuildConfiguration;
			buildSettings = {
				ALWAYS_SEARCH_USER_PATHS = NO;
				ASSETCATALOG_COMPILER_GENERATE_SWIFT_ASSET_SYMBOL_EXTENSIONS = YES;
				CLANG_ANALYZER_NONNULL = YES;
				CLANG_ANALYZER_NUMBER_OBJECT_CONVERSION = YES_AGGRESSIVE;
				CLANG_CXX_LANGUAGE_STANDARD = "gnu++20";
				CLANG_ENABLE_MODULES = YES;
				CLANG_ENABLE_OBJC_ARC = YES;
				CLANG_ENABLE_OBJC_WEAK = YES;
				CLANG_WARN_BLOCK_CAPTURE_AUTORELEASING = YES;
				CLANG_WARN_BOOL_CONVERSION = YES;
				CLANG_WARN_COMMA = YES;
				CLANG_WARN_CONSTANT_CONVERSION = YES;
				CLANG_WARN_DEPRECATED_OBJC_IMPLEMENTATIONS = YES;
				CLANG_WARN_DIRECT_OBJC_ISA_USAGE = YES_ERROR;
				CLANG_WARN_DOCUMENTATION_COMMENTS = YES;
				CLANG_WARN_EMPTY_BODY = YES;
				CLANG_WARN_ENUM_CONVERSION = YES;
				CLANG_WARN_INFINITE_RECURSION = YES;
				CLANG_WARN_INT_CONVERSION = YES;
				CLANG_WARN_NON_LITERAL_NULL_CONVERSION = YES;
				CLANG_WARN_OBJC_IMPLICIT_RETAIN_SELF = YES;
				CLANG_WARN_OBJC_LITERAL_CONVERSION = YES;
				CLANG_WARN_OBJC_ROOT_CLASS = YES_ERROR;
				CLANG_WARN_QUOTED_INCLUDE_IN_FRAMEWORK_HEADER = YES;
				CLANG_WARN_RANGE_LOOP_ANALYSIS = YES;
				CLANG_WARN_STRICT_PROTOTYPES = YES;
				CLANG_WARN_SUSPICIOUS_MOVE = YES;
				CLANG_WARN_UNGUARDED_AVAILABILITY = YES_AGGRESSIVE;
				CLANG_WARN_UNREACHABLE_CODE = YES;
				CLANG_WARN__DUPLICATE_METHOD_MATCH = YES;
				COPY_PHASE_STRIP = NO;
				DEBUG_INFORMATION_FORMAT = dwarf;
				ENABLE_STRICT_OBJC_MSGSEND = YES;
				ENABLE_TESTABILITY = YES;
				ENABLE_USER_SCRIPT_SANDBOXING = YES;
				GCC_C_LANGUAGE_STANDARD = gnu17;
				GCC_DYNAMIC_NO_PIC = NO;
				GCC_NO_COMMON_BLOCKS = YES;
				GCC_OPTIMIZATION_LEVEL = 0;
				GCC_PREPROCESSOR_DEFINITIONS = (
					"DEBUG=1",
					"$(inherited)",
				);
				GCC_WARN_64_TO_32_BIT_CONVERSION = YES;
				GCC_WARN_ABOUT_RETURN_TYPE = YES_ERROR;
				GCC_WARN_UNDECLARED_SELECTOR = YES;
				GCC_WARN_UNINITIALIZED_AUTOS = YES_AGGRESSIVE;
				GCC_WARN_UNUSED_FUNCTION = YES;
				GCC_WARN_UNUSED_VARIABLE = YES;
				LOCALIZATION_PREFERS_STRING_CATALOGS = YES;
				MACOSX_DEPLOYMENT_TARGET = 15.1;
				MTL_ENABLE_DEBUG_INFO = INCLUDE_SOURCE;
				MTL_FAST_MATH = YES;
				ONLY_ACTIVE_ARCH = YES;
				SDKROOT = macosx;
			};
			name = Debug;
		};
		84151B372D131A880073E414 /* Release */ = {
			isa = XCBuildConfiguration;
			buildSettings = {
				ALWAYS_SEARCH_USER_PATHS = NO;
				ASSETCATALOG_COMPILER_GENERATE_SWIFT_ASSET_SYMBOL_EXTENSIONS = YES;
				CLANG_ANALYZER_NONNULL = YES;
				CLANG_ANALYZER_NUMBER_OBJECT_CONVERSION = YES_AGGRESSIVE;
				CLANG_CXX_LANGUAGE_STANDARD = "gnu++20";
				CLANG_ENABLE_MODULES = YES;
				CLANG_ENABLE_OBJC_ARC = YES;
				CLANG_ENABLE_OBJC_WEAK = YES;
				CLANG_WARN_BLOCK_CAPTURE_AUTORELEASING = YES;
				CLANG_WARN_BOOL_CONVERSION = YES;
				CLANG_WARN_COMMA = YES;
				CLANG_WARN_CONSTANT_CONVERSION = YES;
				CLANG_WARN_DEPRECATED_OBJC_IMPLEMENTATIONS = YES;
				CLANG_WARN_DIRECT_OBJC_ISA_USAGE = YES_ERROR;
				CLANG_WARN_DOCUMENTATION_COMMENTS = YES;
				CLANG_WARN_EMPTY_BODY = YES;
				CLANG_WARN_ENUM_CONVERSION = YES;
				CLANG_WARN_INFINITE_RECURSION = YES;
				CLANG_WARN_INT_CONVERSION = YES;
				CLANG_WARN_NON_LITERAL_NULL_CONVERSION = YES;
				CLANG_WARN_OBJC_IMPLICIT_RETAIN_SELF = YES;
				CLANG_WARN_OBJC_LITERAL_CONVERSION = YES;
				CLANG_WARN_OBJC_ROOT_CLASS = YES_ERROR;
				CLANG_WARN_QUOTED_INCLUDE_IN_FRAMEWORK_HEADER = YES;
				CLANG_WARN_RANGE_LOOP_ANALYSIS = YES;
				CLANG_WARN_STRICT_PROTOTYPES = YES;
				CLANG_WARN_SUSPICIOUS_MOVE = YES;
				CLANG_WARN_UNGUARDED_AVAILABILITY = YES_AGGRESSIVE;
				CLANG_WARN_UNREACHABLE_CODE = YES;
				CLANG_WARN__DUPLICATE_METHOD_MATCH = YES;
				COPY_PHASE_STRIP = NO;
				DEBUG_INFORMATION_FORMAT = "dwarf-with-dsym";
				ENABLE_NS_ASSERTIONS = NO;
				ENABLE_STRICT_OBJC_MSGSEND = YES;
				ENABLE_USER_SCRIPT_SANDBOXING = YES;
				GCC_C_LANGUAGE_STANDARD = gnu17;
				GCC_NO_COMMON_BLOCKS = YES;
				GCC_WARN_64_TO_32_BIT_CONVERSION = YES;
				GCC_WARN_ABOUT_RETURN_TYPE = YES_ERROR;
				GCC_WARN_UNDECLARED_SELECTOR = YES;
				GCC_WARN_UNINITIALIZED_AUTOS = YES_AGGRESSIVE;
				GCC_WARN_UNUSED_FUNCTION = YES;
				GCC_WARN_UNUSED_VARIABLE = YES;
				LOCALIZATION_PREFERS_STRING_CATALOGS = YES;
				MACOSX_DEPLOYMENT_TARGET = 15.1;
				MTL_ENABLE_DEBUG_INFO = NO;
				MTL_FAST_MATH = YES;
				SDKROOT = macosx;
			};
			name = Release;
		};
		84151B392D131A880073E414 /* Debug */ = {
			isa = XCBuildConfiguration;
			buildSettings = {
				CODE_SIGN_STYLE = Automatic;
				HEADER_SEARCH_PATHS = "${PROJECT_DIR}/libraries/includes";
				LIBRARY_SEARCH_PATHS = (
					"$(inherited)",
					"$(PROJECT_DIR)/libraries/debug",
					"$(PROJECT_DIR)/libraries/release",
				);
				PRODUCT_NAME = "$(TARGET_NAME)";
			};
			name = Debug;
		};
		84151B3A2D131A880073E414 /* Release */ = {
			isa = XCBuildConfiguration;
			buildSettings = {
				CODE_SIGN_STYLE = Automatic;
				HEADER_SEARCH_PATHS = "${PROJECT_DIR}/libraries/includes";
				LIBRARY_SEARCH_PATHS = (
					"$(inherited)",
					"$(PROJECT_DIR)/libraries/debug",
					"$(PROJECT_DIR)/libraries/release",
				);
				PRODUCT_NAME = "$(TARGET_NAME)";
			};
			name = Release;
		};
/* End XCBuildConfiguration section */

/* Begin XCConfigurationList section */
		84151B2C2D131A880073E414 /* Build configuration list for PBXProject "GL_Scene" */ = {
			isa = XCConfigurationList;
			buildConfigurations = (
				84151B362D131A880073E414 /* Debug */,
				84151B372D131A880073E414 /* Release */,
			);
			defaultConfigurationIsVisible = 0;
			defaultConfigurationName = Release;
		};
		84151B382D131A880073E414 /* Build configuration list for PBXNativeTarget "GL_Scene" */ = {
			isa = XCConfigurationList;
			buildConfigurations = (
				84151B392D131A880073E414 /* Debug */,
				84151B3A2D131A880073E414 /* Release */,
			);
			defaultConfigurationIsVisible = 0;
			defaultConfigurationName = Release;
		};
/* End XCConfigurationList section */
	};
	rootObject = 84151B292D131A880073E414 /* Project object */;
}
